// !$*UTF8*$!
{
	archiveVersion = 1;
	classes = {
	};
	objectVersion = 50;
	objects = {

/* Begin PBXBuildFile section */
		1B0A98B322478B4400620189 /* Scheduler.swift in Sources */ = {isa = PBXBuildFile; fileRef = 1B0A98B222478B4400620189 /* Scheduler.swift */; };
		1B789EB823F83919005A2BBB /* Worker.swift in Sources */ = {isa = PBXBuildFile; fileRef = 1B789EB723F83919005A2BBB /* Worker.swift */; };
		1B99790E223E65CD00322398 /* AppDelegate.swift in Sources */ = {isa = PBXBuildFile; fileRef = 1B99790D223E65CD00322398 /* AppDelegate.swift */; };
		1B997910223E65CD00322398 /* ViewController.swift in Sources */ = {isa = PBXBuildFile; fileRef = 1B99790F223E65CD00322398 /* ViewController.swift */; };
		1B997913223E65CD00322398 /* Main.storyboard in Resources */ = {isa = PBXBuildFile; fileRef = 1B997911223E65CD00322398 /* Main.storyboard */; };
		1B997915223E65CE00322398 /* Assets.xcassets in Resources */ = {isa = PBXBuildFile; fileRef = 1B997914223E65CE00322398 /* Assets.xcassets */; };
		1B997918223E65CE00322398 /* LaunchScreen.storyboard in Resources */ = {isa = PBXBuildFile; fileRef = 1B997916223E65CE00322398 /* LaunchScreen.storyboard */; };
		1B997920223E676100322398 /* Recorder.swift in Sources */ = {isa = PBXBuildFile; fileRef = 1B99791F223E676100322398 /* Recorder.swift */; };
		1BFBA56123F08085007F81F3 /* 10-seconds-of-silence.mp3 in Resources */ = {isa = PBXBuildFile; fileRef = 1BFBA56023F08085007F81F3 /* 10-seconds-of-silence.mp3 */; };
		1BFBA56323F3509A007F81F3 /* StartToggleButton.swift in Sources */ = {isa = PBXBuildFile; fileRef = 1BFBA56223F3509A007F81F3 /* StartToggleButton.swift */; };
/* End PBXBuildFile section */

/* Begin PBXFileReference section */
		1B0A98B222478B4400620189 /* Scheduler.swift */ = {isa = PBXFileReference; lastKnownFileType = sourcecode.swift; path = Scheduler.swift; sourceTree = "<group>"; };
		1B789EB723F83919005A2BBB /* Worker.swift */ = {isa = PBXFileReference; lastKnownFileType = sourcecode.swift; path = Worker.swift; sourceTree = "<group>"; };
		1B99790A223E65CD00322398 /* RecordAudio3.app */ = {isa = PBXFileReference; explicitFileType = wrapper.application; includeInIndex = 0; path = RecordAudio3.app; sourceTree = BUILT_PRODUCTS_DIR; };
		1B99790D223E65CD00322398 /* AppDelegate.swift */ = {isa = PBXFileReference; lastKnownFileType = sourcecode.swift; path = AppDelegate.swift; sourceTree = "<group>"; };
		1B99790F223E65CD00322398 /* ViewController.swift */ = {isa = PBXFileReference; lastKnownFileType = sourcecode.swift; path = ViewController.swift; sourceTree = "<group>"; };
		1B997912223E65CD00322398 /* Base */ = {isa = PBXFileReference; lastKnownFileType = file.storyboard; name = Base; path = Base.lproj/Main.storyboard; sourceTree = "<group>"; };
		1B997914223E65CE00322398 /* Assets.xcassets */ = {isa = PBXFileReference; lastKnownFileType = folder.assetcatalog; path = Assets.xcassets; sourceTree = "<group>"; };
		1B997917223E65CE00322398 /* Base */ = {isa = PBXFileReference; lastKnownFileType = file.storyboard; name = Base; path = Base.lproj/LaunchScreen.storyboard; sourceTree = "<group>"; };
		1B997919223E65CE00322398 /* Info.plist */ = {isa = PBXFileReference; lastKnownFileType = text.plist.xml; path = Info.plist; sourceTree = "<group>"; };
		1B99791F223E676100322398 /* Recorder.swift */ = {isa = PBXFileReference; lastKnownFileType = sourcecode.swift; path = Recorder.swift; sourceTree = "<group>"; };
		1BFBA56023F08085007F81F3 /* 10-seconds-of-silence.mp3 */ = {isa = PBXFileReference; lastKnownFileType = audio.mp3; path = "10-seconds-of-silence.mp3"; sourceTree = "<group>"; };
		1BFBA56223F3509A007F81F3 /* StartToggleButton.swift */ = {isa = PBXFileReference; lastKnownFileType = sourcecode.swift; path = StartToggleButton.swift; sourceTree = "<group>"; };
/* End PBXFileReference section */

/* Begin PBXFrameworksBuildPhase section */
		1B997907223E65CD00322398 /* Frameworks */ = {
			isa = PBXFrameworksBuildPhase;
			buildActionMask = 2147483647;
			files = (
			);
			runOnlyForDeploymentPostprocessing = 0;
		};
/* End PBXFrameworksBuildPhase section */

/* Begin PBXGroup section */
		1B997901223E65CD00322398 = {
			isa = PBXGroup;
			children = (
				1B99790C223E65CD00322398 /* RecordAudio3 */,
				1B99790B223E65CD00322398 /* Products */,
			);
			sourceTree = "<group>";
		};
		1B99790B223E65CD00322398 /* Products */ = {
			isa = PBXGroup;
			children = (
				1B99790A223E65CD00322398 /* RecordAudio3.app */,
			);
			name = Products;
			sourceTree = "<group>";
		};
		1B99790C223E65CD00322398 /* RecordAudio3 */ = {
			isa = PBXGroup;
			children = (
				1BFBA56423F350B2007F81F3 /* Buttons */,
				1BFBA56023F08085007F81F3 /* 10-seconds-of-silence.mp3 */,
				1B99790D223E65CD00322398 /* AppDelegate.swift */,
				1B99790F223E65CD00322398 /* ViewController.swift */,
				1B789EB723F83919005A2BBB /* Worker.swift */,
				1B99791F223E676100322398 /* Recorder.swift */,
				1B0A98B222478B4400620189 /* Scheduler.swift */,
				1B997911223E65CD00322398 /* Main.storyboard */,
				1B997914223E65CE00322398 /* Assets.xcassets */,
				1B997916223E65CE00322398 /* LaunchScreen.storyboard */,
				1B997919223E65CE00322398 /* Info.plist */,
			);
			path = RecordAudio3;
			sourceTree = "<group>";
		};
		1BFBA56423F350B2007F81F3 /* Buttons */ = {
			isa = PBXGroup;
			children = (
				1BFBA56223F3509A007F81F3 /* StartToggleButton.swift */,
			);
			path = Buttons;
			sourceTree = "<group>";
		};
/* End PBXGroup section */

/* Begin PBXNativeTarget section */
		1B997909223E65CD00322398 /* RecordAudio3 */ = {
			isa = PBXNativeTarget;
			buildConfigurationList = 1B99791C223E65CE00322398 /* Build configuration list for PBXNativeTarget "RecordAudio3" */;
			buildPhases = (
				1B997906223E65CD00322398 /* Sources */,
				1B997907223E65CD00322398 /* Frameworks */,
				1B997908223E65CD00322398 /* Resources */,
			);
			buildRules = (
			);
			dependencies = (
			);
			name = RecordAudio3;
			productName = RecordAudio3;
			productReference = 1B99790A223E65CD00322398 /* RecordAudio3.app */;
			productType = "com.apple.product-type.application";
		};
/* End PBXNativeTarget section */

/* Begin PBXProject section */
		1B997902223E65CD00322398 /* Project object */ = {
			isa = PBXProject;
			attributes = {
				LastSwiftUpdateCheck = 1010;
				LastUpgradeCheck = 1010;
				ORGANIZATIONNAME = Sherboapps;
				TargetAttributes = {
					1B997909223E65CD00322398 = {
						CreatedOnToolsVersion = 10.1;
						LastSwiftMigration = 1020;
						SystemCapabilities = {
							com.apple.BackgroundModes = {
								enabled = 1;
							};
						};
					};
				};
			};
			buildConfigurationList = 1B997905223E65CD00322398 /* Build configuration list for PBXProject "RecordAudio3" */;
			compatibilityVersion = "Xcode 9.3";
			developmentRegion = en;
			hasScannedForEncodings = 0;
			knownRegions = (
				en,
				Base,
			);
			mainGroup = 1B997901223E65CD00322398;
			productRefGroup = 1B99790B223E65CD00322398 /* Products */;
			projectDirPath = "";
			projectRoot = "";
			targets = (
				1B997909223E65CD00322398 /* RecordAudio3 */,
			);
		};
/* End PBXProject section */

/* Begin PBXResourcesBuildPhase section */
		1B997908223E65CD00322398 /* Resources */ = {
			isa = PBXResourcesBuildPhase;
			buildActionMask = 2147483647;
			files = (
				1B997918223E65CE00322398 /* LaunchScreen.storyboard in Resources */,
				1B997915223E65CE00322398 /* Assets.xcassets in Resources */,
				1BFBA56123F08085007F81F3 /* 10-seconds-of-silence.mp3 in Resources */,
				1B997913223E65CD00322398 /* Main.storyboard in Resources */,
			);
			runOnlyForDeploymentPostprocessing = 0;
		};
/* End PBXResourcesBuildPhase section */

/* Begin PBXSourcesBuildPhase section */
		1B997906223E65CD00322398 /* Sources */ = {
			isa = PBXSourcesBuildPhase;
			buildActionMask = 2147483647;
			files = (
				1B997920223E676100322398 /* Recorder.swift in Sources */,
				1B789EB823F83919005A2BBB /* Worker.swift in Sources */,
				1B0A98B322478B4400620189 /* Scheduler.swift in Sources */,
				1B997910223E65CD00322398 /* ViewController.swift in Sources */,
				1BFBA56323F3509A007F81F3 /* StartToggleButton.swift in Sources */,
				1B99790E223E65CD00322398 /* AppDelegate.swift in Sources */,
			);
			runOnlyForDeploymentPostprocessing = 0;
		};
/* End PBXSourcesBuildPhase section */

/* Begin PBXVariantGroup section */
		1B997911223E65CD00322398 /* Main.storyboard */ = {
			isa = PBXVariantGroup;
			children = (
				1B997912223E65CD00322398 /* Base */,
			);
			name = Main.storyboard;
			sourceTree = "<group>";
		};
		1B997916223E65CE00322398 /* LaunchScreen.storyboard */ = {
			isa = PBXVariantGroup;
			children = (
				1B997917223E65CE00322398 /* Base */,
			);
			name = LaunchScreen.storyboard;
			sourceTree = "<group>";
		};
/* End PBXVariantGroup section */

/* Begin XCBuildConfiguration section */
		1B99791A223E65CE00322398 /* Debug */ = {
			isa = XCBuildConfiguration;
			buildSettings = {
				ALWAYS_SEARCH_USER_PATHS = NO;
				CLANG_ANALYZER_NONNULL = YES;
				CLANG_ANALYZER_NUMBER_OBJECT_CONVERSION = YES_AGGRESSIVE;
				CLANG_CXX_LANGUAGE_STANDARD = "gnu++14";
				CLANG_CXX_LIBRARY = "libc++";
				CLANG_ENABLE_MODULES = YES;
				CLANG_ENABLE_OBJC_ARC = YES;
				CLANG_ENABLE_OBJC_WEAK = YES;
				CLANG_WARN_BLOCK_CAPTURE_AUTORELEASING = YES;
				CLANG_WARN_BOOL_CONVERSION = YES;
				CLANG_WARN_COMMA = YES;
				CLANG_WARN_CONSTANT_CONVERSION = YES;
				CLANG_WARN_DEPRECATED_OBJC_IMPLEMENTATIONS = YES;
				CLANG_WARN_DIRECT_OBJC_ISA_USAGE = YES_ERROR;
				CLANG_WARN_DOCUMENTATION_COMMENTS = YES;
				CLANG_WARN_EMPTY_BODY = YES;
				CLANG_WARN_ENUM_CONVERSION = YES;
				CLANG_WARN_INFINITE_RECURSION = YES;
				CLANG_WARN_INT_CONVERSION = YES;
				CLANG_WARN_NON_LITERAL_NULL_CONVERSION = YES;
				CLANG_WARN_OBJC_IMPLICIT_RETAIN_SELF = YES;
				CLANG_WARN_OBJC_LITERAL_CONVERSION = YES;
				CLANG_WARN_OBJC_ROOT_CLASS = YES_ERROR;
				CLANG_WARN_RANGE_LOOP_ANALYSIS = YES;
				CLANG_WARN_STRICT_PROTOTYPES = YES;
				CLANG_WARN_SUSPICIOUS_MOVE = YES;
				CLANG_WARN_UNGUARDED_AVAILABILITY = YES_AGGRESSIVE;
				CLANG_WARN_UNREACHABLE_CODE = YES;
				CLANG_WARN__DUPLICATE_METHOD_MATCH = YES;
				CODE_SIGN_IDENTITY = "iPhone Developer";
				COPY_PHASE_STRIP = NO;
				DEBUG_INFORMATION_FORMAT = dwarf;
				ENABLE_STRICT_OBJC_MSGSEND = YES;
				ENABLE_TESTABILITY = YES;
				GCC_C_LANGUAGE_STANDARD = gnu11;
				GCC_DYNAMIC_NO_PIC = NO;
				GCC_NO_COMMON_BLOCKS = YES;
				GCC_OPTIMIZATION_LEVEL = 0;
				GCC_PREPROCESSOR_DEFINITIONS = (
					"DEBUG=1",
					"$(inherited)",
				);
				GCC_WARN_64_TO_32_BIT_CONVERSION = YES;
				GCC_WARN_ABOUT_RETURN_TYPE = YES_ERROR;
				GCC_WARN_UNDECLARED_SELECTOR = YES;
				GCC_WARN_UNINITIALIZED_AUTOS = YES_AGGRESSIVE;
				GCC_WARN_UNUSED_FUNCTION = YES;
				GCC_WARN_UNUSED_VARIABLE = YES;
				IPHONEOS_DEPLOYMENT_TARGET = 12.1;
				MTL_ENABLE_DEBUG_INFO = INCLUDE_SOURCE;
				MTL_FAST_MATH = YES;
				ONLY_ACTIVE_ARCH = YES;
				SDKROOT = iphoneos;
				SWIFT_ACTIVE_COMPILATION_CONDITIONS = DEBUG;
				SWIFT_OPTIMIZATION_LEVEL = "-Onone";
			};
			name = Debug;
		};
		1B99791B223E65CE00322398 /* Release */ = {
			isa = XCBuildConfiguration;
			buildSettings = {
				ALWAYS_SEARCH_USER_PATHS = NO;
				CLANG_ANALYZER_NONNULL = YES;
				CLANG_ANALYZER_NUMBER_OBJECT_CONVERSION = YES_AGGRESSIVE;
				CLANG_CXX_LANGUAGE_STANDARD = "gnu++14";
				CLANG_CXX_LIBRARY = "libc++";
				CLANG_ENABLE_MODULES = YES;
				CLANG_ENABLE_OBJC_ARC = YES;
				CLANG_ENABLE_OBJC_WEAK = YES;
				CLANG_WARN_BLOCK_CAPTURE_AUTORELEASING = YES;
				CLANG_WARN_BOOL_CONVERSION = YES;
				CLANG_WARN_COMMA = YES;
				CLANG_WARN_CONSTANT_CONVERSION = YES;
				CLANG_WARN_DEPRECATED_OBJC_IMPLEMENTATIONS = YES;
				CLANG_WARN_DIRECT_OBJC_ISA_USAGE = YES_ERROR;
				CLANG_WARN_DOCUMENTATION_COMMENTS = YES;
				CLANG_WARN_EMPTY_BODY = YES;
				CLANG_WARN_ENUM_CONVERSION = YES;
				CLANG_WARN_INFINITE_RECURSION = YES;
				CLANG_WARN_INT_CONVERSION = YES;
				CLANG_WARN_NON_LITERAL_NULL_CONVERSION = YES;
				CLANG_WARN_OBJC_IMPLICIT_RETAIN_SELF = YES;
				CLANG_WARN_OBJC_LITERAL_CONVERSION = YES;
				CLANG_WARN_OBJC_ROOT_CLASS = YES_ERROR;
				CLANG_WARN_RANGE_LOOP_ANALYSIS = YES;
				CLANG_WARN_STRICT_PROTOTYPES = YES;
				CLANG_WARN_SUSPICIOUS_MOVE = YES;
				CLANG_WARN_UNGUARDED_AVAILABILITY = YES_AGGRESSIVE;
				CLANG_WARN_UNREACHABLE_CODE = YES;
				CLANG_WARN__DUPLICATE_METHOD_MATCH = YES;
				CODE_SIGN_IDENTITY = "iPhone Developer";
				COPY_PHASE_STRIP = NO;
				DEBUG_INFORMATION_FORMAT = "dwarf-with-dsym";
				ENABLE_NS_ASSERTIONS = NO;
				ENABLE_STRICT_OBJC_MSGSEND = YES;
				GCC_C_LANGUAGE_STANDARD = gnu11;
				GCC_NO_COMMON_BLOCKS = YES;
				GCC_WARN_64_TO_32_BIT_CONVERSION = YES;
				GCC_WARN_ABOUT_RETURN_TYPE = YES_ERROR;
				GCC_WARN_UNDECLARED_SELECTOR = YES;
				GCC_WARN_UNINITIALIZED_AUTOS = YES_AGGRESSIVE;
				GCC_WARN_UNUSED_FUNCTION = YES;
				GCC_WARN_UNUSED_VARIABLE = YES;
				IPHONEOS_DEPLOYMENT_TARGET = 12.1;
				MTL_ENABLE_DEBUG_INFO = NO;
				MTL_FAST_MATH = YES;
				SDKROOT = iphoneos;
				SWIFT_COMPILATION_MODE = wholemodule;
				SWIFT_OPTIMIZATION_LEVEL = "-O";
				VALIDATE_PRODUCT = YES;
			};
			name = Release;
		};
		1B99791D223E65CE00322398 /* Debug */ = {
			isa = XCBuildConfiguration;
			buildSettings = {
				ASSETCATALOG_COMPILER_APPICON_NAME = AppIcon;
				CODE_SIGN_STYLE = Automatic;
				DEVELOPMENT_TEAM = 87LP26PQ2M;
				INFOPLIST_FILE = RecordAudio3/Info.plist;
				LD_RUNPATH_SEARCH_PATHS = (
					"$(inherited)",
					"@executable_path/Frameworks",
				);
				PRODUCT_BUNDLE_IDENTIFIER = com.sherboapps.RecordAudio3;
				PRODUCT_NAME = "$(TARGET_NAME)";
				SWIFT_VERSION = 5.0;
				TARGETED_DEVICE_FAMILY = "1,2";
			};
			name = Debug;
		};
		1B99791E223E65CE00322398 /* Release */ = {
			isa = XCBuildConfiguration;
			buildSettings = {
				ASSETCATALOG_COMPILER_APPICON_NAME = AppIcon;
				CODE_SIGN_STYLE = Automatic;
				DEVELOPMENT_TEAM = 87LP26PQ2M;
				INFOPLIST_FILE = RecordAudio3/Info.plist;
				LD_RUNPATH_SEARCH_PATHS = (
					"$(inherited)",
					"@executable_path/Frameworks",
				);
				PRODUCT_BUNDLE_IDENTIFIER = com.sherboapps.RecordAudio3;
				PRODUCT_NAME = "$(TARGET_NAME)";
				SWIFT_VERSION = 5.0;
				TARGETED_DEVICE_FAMILY = "1,2";
			};
			name = Release;
		};
/* End XCBuildConfiguration section */

/* Begin XCConfigurationList section */
		1B997905223E65CD00322398 /* Build configuration list for PBXProject "RecordAudio3" */ = {
			isa = XCConfigurationList;
			buildConfigurations = (
				1B99791A223E65CE00322398 /* Debug */,
				1B99791B223E65CE00322398 /* Release */,
			);
			defaultConfigurationIsVisible = 0;
			defaultConfigurationName = Release;
		};
		1B99791C223E65CE00322398 /* Build configuration list for PBXNativeTarget "RecordAudio3" */ = {
			isa = XCConfigurationList;
			buildConfigurations = (
				1B99791D223E65CE00322398 /* Debug */,
				1B99791E223E65CE00322398 /* Release */,
			);
			defaultConfigurationIsVisible = 0;
			defaultConfigurationName = Release;
		};
/* End XCConfigurationList section */
	};
	rootObject = 1B997902223E65CD00322398 /* Project object */;
}
